<?xml version="1.0" encoding="utf-8"?>
<Project ToolsVersion="4.0" xmlns="http://schemas.microsoft.com/developer/msbuild/2003">
  <ItemGroup>
    <Filter Include="src">
      <UniqueIdentifier>{e8704dda-a8f1-4bbb-aab6-c80d87189962}</UniqueIdentifier>
    </Filter>
    <Filter Include="include">
      <UniqueIdentifier>{aa96382c-9d98-4431-9630-66ce0f29b9e0}</UniqueIdentifier>
    </Filter>
  </ItemGroup>
  <ItemGroup>
    <ClCompile Include="detrans.cpp">
      <Filter>src</Filter>
    </ClCompile>
  </ItemGroup>
</Project>