<?xml version="1.0" encoding="utf-8"?>
<Project ToolsVersion="4.0" xmlns="http://schemas.microsoft.com/developer/msbuild/2003">
  <ItemGroup>
    <Filter Include="src">
      <UniqueIdentifier>{3ec9786e-3a74-456a-8168-b40c217f9838}</UniqueIdentifier>
    </Filter>
    <Filter Include="include">
      <UniqueIdentifier>{67bd3c56-c8a3-4390-9906-e5d70dfae0fd}</UniqueIdentifier>
    </Filter>
  </ItemGroup>
  <ItemGroup>
    <ClCompile Include="gravity.cpp">
      <Filter>src</Filter>
    </ClCompile>
  </ItemGroup>
</Project>