<?xml version="1.0" encoding="utf-8"?>
<Project ToolsVersion="4.0" xmlns="http://schemas.microsoft.com/developer/msbuild/2003">
  <ItemGroup>
    <Filter Include="src">
      <UniqueIdentifier>{68b8b5e5-5d77-471d-ad0f-8ffcec57bda2}</UniqueIdentifier>
    </Filter>
    <Filter Include="include">
      <UniqueIdentifier>{f1cf6830-c0dc-4cc1-addf-9e2482874ba3}</UniqueIdentifier>
    </Filter>
  </ItemGroup>
  <ItemGroup>
    <ClCompile Include="zoom.cpp">
      <Filter>src</Filter>
    </ClCompile>
  </ItemGroup>
</Project>